// !$*UTF8*$!
{
	archiveVersion = 1;
	classes = {
	};
	objectVersion = 46;
	objects = {
/* Begin PBXBuildFile section */
		858B842D18CA22B800AB12DE /* InfoPlist.strings in Resources */ = {isa = PBXBuildFile; fileRef = 858B833A18CA111C00AB12DE /* InfoPlist.strings */; };
		CD45EE7C18DC2D5800FB50C0 /* app in Resources */ = {isa = PBXBuildFile; fileRef = CD45EE7A18DC2D5800FB50C0 /* app */; };
		CD62955D1BB2678900AE3A93 /* main.m in Sources */ = {isa = PBXBuildFile; fileRef = CD62955C1BB2678900AE3A93 /* main.m */; };
		C2481A4BE70143BCB85A4652 /* icon-40.png in Resources */ = {isa = PBXBuildFile; fileRef = E42D30718F8E4C36830A816E /* icon-40.png */; };
		A0DB7E40146842CFBD351014 /* icon-40@2x.png in Resources */ = {isa = PBXBuildFile; fileRef = 69122494A02842F9BD4418E9 /* icon-40@2x.png */; };
		525D6B857B0A449E94B300A6 /* icon-50.png in Resources */ = {isa = PBXBuildFile; fileRef = 89F29D17B2D84F98ABC84C23 /* icon-50.png */; };
		03926AD0FFFF4103A39C232C /* icon-50@2x.png in Resources */ = {isa = PBXBuildFile; fileRef = 90CCDD7A12E34F33A04B4BC5 /* icon-50@2x.png */; };
		07FC686DBB8F4CB0A35BA3F2 /* icon-60.png in Resources */ = {isa = PBXBuildFile; fileRef = A73CC02B22894611BE4FC324 /* icon-60.png */; };
		7041AFD991AF45469F53F571 /* icon-60@2x.png in Resources */ = {isa = PBXBuildFile; fileRef = 25F54BC5ECED43DA98E40694 /* icon-60@2x.png */; };
		952C837412A54BA0815C8657 /* icon-60@3x.png in Resources */ = {isa = PBXBuildFile; fileRef = A3DCA8C1A8FF4A87890A864F /* icon-60@3x.png */; };
		4DF3D7BBF83348E58343BB92 /* icon-72.png in Resources */ = {isa = PBXBuildFile; fileRef = 3BDB4A54BE11495983E28E95 /* icon-72.png */; };
		80FBBCC6A2C6462F8D4DE355 /* icon-72@2x.png in Resources */ = {isa = PBXBuildFile; fileRef = C6DFFFC6E61748ECA5C77F01 /* icon-72@2x.png */; };
		950D8DE47BDA4DCD935C0E3E /* icon-76.png in Resources */ = {isa = PBXBuildFile; fileRef = 7FD87602F10245EE80D58569 /* icon-76.png */; };
		FA3BCA8F627044E7991BE3F3 /* icon-76@2x.png in Resources */ = {isa = PBXBuildFile; fileRef = 73C0C827AE874D3D9CF03AD8 /* icon-76@2x.png */; };
		8CE7C3675726460AA96B3805 /* icon-small.png in Resources */ = {isa = PBXBuildFile; fileRef = CA9DB524D6DA4E9DB9522F19 /* icon-small.png */; };
		E53CADEFE84F4968B49F82D5 /* icon-small@2x.png in Resources */ = {isa = PBXBuildFile; fileRef = AA992BE8DAC141C28EF3BFD2 /* icon-small@2x.png */; };
		0B3825DB2F2244E1BD7FAB61 /* icon.png in Resources */ = {isa = PBXBuildFile; fileRef = 188853F5261E4865BA0A9B10 /* icon.png */; };
		2E364BCDC19A4D859FC6B49B /* icon@2x.png in Resources */ = {isa = PBXBuildFile; fileRef = ECC0ECD12EEC4F9EA11FEE23 /* icon@2x.png */; };
/* End PBXBuildFile section */

/* Begin PBXCopyFilesBuildPhase section */
		85F5BDFC1A9363BE006B9701 /* Embed Frameworks */ = {
			isa = PBXCopyFilesBuildPhase;
			buildActionMask = 2147483647;
			dstPath = "";
			dstSubfolderSpec = 10;
			files = (
			);
			name = "Embed Frameworks";
			runOnlyForDeploymentPostprocessing = 0;
		};
/* End PBXCopyFilesBuildPhase section */

/* Begin PBXFileReference section */
		858B832E18CA111C00AB12DE /* InstaRemDemo.app */ = {isa = PBXFileReference; explicitFileType = wrapper.application; includeInIndex = 0; path = InstaRemDemo.app; sourceTree = BUILT_PRODUCTS_DIR; };
		858B833918CA111C00AB12DE /* InstaRemDemo-Info.plist */ = {isa = PBXFileReference; lastKnownFileType = text.plist.xml; path = "InstaRemDemo-Info.plist"; sourceTree = "<group>"; };
		858B833B18CA111C00AB12DE /* en */ = {isa = PBXFileReference; lastKnownFileType = text.plist.strings; name = en; path = en.lproj/InfoPlist.strings; sourceTree = "<group>"; };
		858B833F18CA111C00AB12DE /* InstaRemDemo-Prefix.pch */ = {isa = PBXFileReference; lastKnownFileType = sourcecode.c.h; path = "InstaRemDemo-Prefix.pch"; sourceTree = "<group>"; };
		858B843318CA22B800AB12DE /* InstaRemDemo.app */ = {isa = PBXFileReference; explicitFileType = wrapper.application; includeInIndex = 0; path = InstaRemDemo.app; sourceTree = BUILT_PRODUCTS_DIR; };
		CD45EE7A18DC2D5800FB50C0 /* app */ = {isa = PBXFileReference; lastKnownFileType = folder; path = app; sourceTree = "<group>"; };
		CD62955C1BB2678900AE3A93 /* main.m */ = {isa = PBXFileReference; fileEncoding = 4; lastKnownFileType = sourcecode.c.objc; name = main.m; path = internal/main.m; sourceTree = SOURCE_ROOT; };
		CDD59A261BB43B5D00EC2671 /* build-debug.xcconfig */ = {isa = PBXFileReference; fileEncoding = 4; lastKnownFileType = text.xcconfig; path = "build-debug.xcconfig"; sourceTree = "<group>"; };
		CDD59A271BB43B5D00EC2671 /* build-release.xcconfig */ = {isa = PBXFileReference; fileEncoding = 4; lastKnownFileType = text.xcconfig; path = "build-release.xcconfig"; sourceTree = "<group>"; };
		CDF4743E1BA4855C0087EA85 /* build.xcconfig */ = {isa = PBXFileReference; fileEncoding = 4; lastKnownFileType = text.xcconfig; path = build.xcconfig; sourceTree = "<group>"; };
		F9B8C6A31ACEDEEB00547416 /* en */ = {isa = PBXFileReference; lastKnownFileType = file.xib; name = en; path = en.lproj/LaunchScreen.xib; sourceTree = "<group>"; };
		E42D30718F8E4C36830A816E /* icon-40.png */ = {isa = PBXFileReference; lastKnownFileType = image.png; name = "icon-40.png"; path = "InstaRemDemo/Resources/icon-40.png"; sourceTree = "<group>"; };
		69122494A02842F9BD4418E9 /* icon-40@2x.png */ = {isa = PBXFileReference; lastKnownFileType = image.png; name = "icon-40@2x.png"; path = "InstaRemDemo/Resources/icon-40@2x.png"; sourceTree = "<group>"; };
		89F29D17B2D84F98ABC84C23 /* icon-50.png */ = {isa = PBXFileReference; lastKnownFileType = image.png; name = "icon-50.png"; path = "InstaRemDemo/Resources/icon-50.png"; sourceTree = "<group>"; };
		90CCDD7A12E34F33A04B4BC5 /* icon-50@2x.png */ = {isa = PBXFileReference; lastKnownFileType = image.png; name = "icon-50@2x.png"; path = "InstaRemDemo/Resources/icon-50@2x.png"; sourceTree = "<group>"; };
		A73CC02B22894611BE4FC324 /* icon-60.png */ = {isa = PBXFileReference; lastKnownFileType = image.png; name = "icon-60.png"; path = "InstaRemDemo/Resources/icon-60.png"; sourceTree = "<group>"; };
		25F54BC5ECED43DA98E40694 /* icon-60@2x.png */ = {isa = PBXFileReference; lastKnownFileType = image.png; name = "icon-60@2x.png"; path = "InstaRemDemo/Resources/icon-60@2x.png"; sourceTree = "<group>"; };
		A3DCA8C1A8FF4A87890A864F /* icon-60@3x.png */ = {isa = PBXFileReference; lastKnownFileType = image.png; name = "icon-60@3x.png"; path = "InstaRemDemo/Resources/icon-60@3x.png"; sourceTree = "<group>"; };
		3BDB4A54BE11495983E28E95 /* icon-72.png */ = {isa = PBXFileReference; lastKnownFileType = image.png; name = "icon-72.png"; path = "InstaRemDemo/Resources/icon-72.png"; sourceTree = "<group>"; };
		C6DFFFC6E61748ECA5C77F01 /* icon-72@2x.png */ = {isa = PBXFileReference; lastKnownFileType = image.png; name = "icon-72@2x.png"; path = "InstaRemDemo/Resources/icon-72@2x.png"; sourceTree = "<group>"; };
		7FD87602F10245EE80D58569 /* icon-76.png */ = {isa = PBXFileReference; lastKnownFileType = image.png; name = "icon-76.png"; path = "InstaRemDemo/Resources/icon-76.png"; sourceTree = "<group>"; };
		73C0C827AE874D3D9CF03AD8 /* icon-76@2x.png */ = {isa = PBXFileReference; lastKnownFileType = image.png; name = "icon-76@2x.png"; path = "InstaRemDemo/Resources/icon-76@2x.png"; sourceTree = "<group>"; };
		CA9DB524D6DA4E9DB9522F19 /* icon-small.png */ = {isa = PBXFileReference; lastKnownFileType = image.png; name = "icon-small.png"; path = "InstaRemDemo/Resources/icon-small.png"; sourceTree = "<group>"; };
		AA992BE8DAC141C28EF3BFD2 /* icon-small@2x.png */ = {isa = PBXFileReference; lastKnownFileType = image.png; name = "icon-small@2x.png"; path = "InstaRemDemo/Resources/icon-small@2x.png"; sourceTree = "<group>"; };
		188853F5261E4865BA0A9B10 /* icon.png */ = {isa = PBXFileReference; lastKnownFileType = image.png; name = icon.png; path = "InstaRemDemo/Resources/icon.png"; sourceTree = "<group>"; };
		ECC0ECD12EEC4F9EA11FEE23 /* icon@2x.png */ = {isa = PBXFileReference; lastKnownFileType = image.png; name = "icon@2x.png"; path = "InstaRemDemo/Resources/icon@2x.png"; sourceTree = "<group>"; };
/* End PBXFileReference section */

/* Begin PBXFrameworksBuildPhase section */
		858B83F418CA22B800AB12DE /* Frameworks */ = {
			isa = PBXFrameworksBuildPhase;
			buildActionMask = 2147483647;
			files = (
			);
			runOnlyForDeploymentPostprocessing = 0;
		};
/* End PBXFrameworksBuildPhase section */

/* Begin PBXGroup section */
		858B832518CA111C00AB12DE = {
			isa = PBXGroup;
			children = (
				E070579D1B39A9D000214BF1 /* Resources */,
				858B833718CA111C00AB12DE /* InstaRemDemo */,
				858B833018CA111C00AB12DE /* Frameworks */,
				858B832F18CA111C00AB12DE /* Products */,
			);
			sourceTree = "<group>";
		};
		858B832F18CA111C00AB12DE /* Products */ = {
			isa = PBXGroup;
			children = (
				858B832E18CA111C00AB12DE /* InstaRemDemo.app */,
				858B843318CA22B800AB12DE /* InstaRemDemo.app */,
			);
			name = Products;
			sourceTree = "<group>";
		};
		858B833018CA111C00AB12DE /* Frameworks */ = {
			isa = PBXGroup;
			children = (
			);
			name = Frameworks;
			sourceTree = "<group>";
		};
		858B833718CA111C00AB12DE /* InstaRemDemo */ = {
			isa = PBXGroup;
			children = (
				CD45EE7A18DC2D5800FB50C0 /* app */,
				F9B8C6A21ACEDEEB00547416 /* LaunchScreen.xib */,
				858B833818CA111C00AB12DE /* Supporting Files */,
			);
			path = InstaRemDemo;
			sourceTree = "<group>";
		};
		858B833818CA111C00AB12DE /* Supporting Files */ = {
			isa = PBXGroup;
			children = (
				CDF4743E1BA4855C0087EA85 /* build.xcconfig */,
				CDD59A261BB43B5D00EC2671 /* build-debug.xcconfig */,
				CDD59A271BB43B5D00EC2671 /* build-release.xcconfig */,
				858B833918CA111C00AB12DE /* InstaRemDemo-Info.plist */,
				858B833A18CA111C00AB12DE /* InfoPlist.strings */,
				CD62955C1BB2678900AE3A93 /* main.m */,
				858B833F18CA111C00AB12DE /* InstaRemDemo-Prefix.pch */,
			);
			name = "Supporting Files";
			sourceTree = "<group>";
		};
		E070579D1B39A9D000214BF1 /* Resources */ = {
			isa = PBXGroup;
			children = (
				E42D30718F8E4C36830A816E /* icon-40.png */,
				69122494A02842F9BD4418E9 /* icon-40@2x.png */,
				89F29D17B2D84F98ABC84C23 /* icon-50.png */,
				90CCDD7A12E34F33A04B4BC5 /* icon-50@2x.png */,
				A73CC02B22894611BE4FC324 /* icon-60.png */,
				25F54BC5ECED43DA98E40694 /* icon-60@2x.png */,
				A3DCA8C1A8FF4A87890A864F /* icon-60@3x.png */,
				3BDB4A54BE11495983E28E95 /* icon-72.png */,
				C6DFFFC6E61748ECA5C77F01 /* icon-72@2x.png */,
				7FD87602F10245EE80D58569 /* icon-76.png */,
				73C0C827AE874D3D9CF03AD8 /* icon-76@2x.png */,
				CA9DB524D6DA4E9DB9522F19 /* icon-small.png */,
				AA992BE8DAC141C28EF3BFD2 /* icon-small@2x.png */,
				188853F5261E4865BA0A9B10 /* icon.png */,
				ECC0ECD12EEC4F9EA11FEE23 /* icon@2x.png */,
			);
			name = Resources;
			sourceTree = "<group>";
		};
/* End PBXGroup section */

/* Begin PBXNativeTarget section */
		858B83EF18CA22B800AB12DE /* InstaRemDemo */ = {
			isa = PBXNativeTarget;
			buildConfigurationList = 858B843018CA22B800AB12DE /* Build configuration list for PBXNativeTarget "InstaRemDemo" */;
			buildPhases = (
				C97FD7AC1ADE5369004DB2A4 /* NativeScript PreBuild */,
				858B83F218CA22B800AB12DE /* Sources */,
				CD62955B1BB2651D00AE3A93 /* NativeScript PreLink */,
				858B83F418CA22B800AB12DE /* Frameworks */,
				858B842C18CA22B800AB12DE /* Resources */,
				85F5BDFC1A9363BE006B9701 /* Embed Frameworks */,
				CD3EAD351B05FF060042DBFC /* NativeScript PostBuild */,
			);
			buildRules = (
			);
			dependencies = (
			);
			name = InstaRemDemo;
			productName = JDBridgeApp;
			productReference = 858B843318CA22B800AB12DE /* InstaRemDemo.app */;
			productType = "com.apple.product-type.application";
		};
/* End PBXNativeTarget section */

/* Begin PBXProject section */
		858B832618CA111C00AB12DE /* Project object */ = {
			isa = PBXProject;
			attributes = {
				CLASSPREFIX = TNS;
				LastUpgradeCheck = 500;
				ORGANIZATIONNAME = Telerik;
			};
			buildConfigurationList = 858B832918CA111C00AB12DE /* Build configuration list for PBXProject "InstaRemDemo" */;
			compatibilityVersion = "Xcode 3.2";
			developmentRegion = English;
			hasScannedForEncodings = 0;
			knownRegions = (
				en,
			);
			mainGroup = 858B832518CA111C00AB12DE;
			productRefGroup = 858B832F18CA111C00AB12DE /* Products */;
			projectDirPath = "";
			projectRoot = "";
			targets = (
				858B83EF18CA22B800AB12DE /* InstaRemDemo */,
			);
		};
/* End PBXProject section */

/* Begin PBXResourcesBuildPhase section */
		858B842C18CA22B800AB12DE /* Resources */ = {
			isa = PBXResourcesBuildPhase;
			buildActionMask = 2147483647;
			files = (
				CD45EE7C18DC2D5800FB50C0 /* app in Resources */,
				858B842D18CA22B800AB12DE /* InfoPlist.strings in Resources */,
				C2481A4BE70143BCB85A4652 /* icon-40.png in Resources */,
				A0DB7E40146842CFBD351014 /* icon-40@2x.png in Resources */,
				525D6B857B0A449E94B300A6 /* icon-50.png in Resources */,
				03926AD0FFFF4103A39C232C /* icon-50@2x.png in Resources */,
				07FC686DBB8F4CB0A35BA3F2 /* icon-60.png in Resources */,
				7041AFD991AF45469F53F571 /* icon-60@2x.png in Resources */,
				952C837412A54BA0815C8657 /* icon-60@3x.png in Resources */,
				4DF3D7BBF83348E58343BB92 /* icon-72.png in Resources */,
				80FBBCC6A2C6462F8D4DE355 /* icon-72@2x.png in Resources */,
				950D8DE47BDA4DCD935C0E3E /* icon-76.png in Resources */,
				FA3BCA8F627044E7991BE3F3 /* icon-76@2x.png in Resources */,
				8CE7C3675726460AA96B3805 /* icon-small.png in Resources */,
				E53CADEFE84F4968B49F82D5 /* icon-small@2x.png in Resources */,
				0B3825DB2F2244E1BD7FAB61 /* icon.png in Resources */,
				2E364BCDC19A4D859FC6B49B /* icon@2x.png in Resources */,
			);
			runOnlyForDeploymentPostprocessing = 0;
		};
/* End PBXResourcesBuildPhase section */

/* Begin PBXShellScriptBuildPhase section */
		C97FD7AC1ADE5369004DB2A4 /* NativeScript PreBuild */ = {
			isa = PBXShellScriptBuildPhase;
			buildActionMask = 2147483647;
			files = (
			);
			inputPaths = (
			);
			name = "NativeScript PreBuild";
			outputPaths = (
			);
			runOnlyForDeploymentPostprocessing = 0;
			shellPath = /bin/sh;
			shellScript = "\"$SRCROOT/internal/nativescript-pre-build\"";
			showEnvVarsInLog = 0;
		};
		CD3EAD351B05FF060042DBFC /* NativeScript PostBuild */ = {
			isa = PBXShellScriptBuildPhase;
			buildActionMask = 2147483647;
			files = (
			);
			inputPaths = (
			);
			name = "NativeScript PostBuild";
			outputPaths = (
			);
			runOnlyForDeploymentPostprocessing = 0;
			shellPath = /bin/sh;
			shellScript = "\"$SRCROOT/internal/nativescript-post-build\"";
			showEnvVarsInLog = 0;
		};
		CD62955B1BB2651D00AE3A93 /* NativeScript PreLink */ = {
			isa = PBXShellScriptBuildPhase;
			buildActionMask = 2147483647;
			files = (
			);
			inputPaths = (
			);
			name = "NativeScript PreLink";
			outputPaths = (
			);
			runOnlyForDeploymentPostprocessing = 0;
			shellPath = /bin/sh;
			shellScript = "\"$SRCROOT/internal/nativescript-pre-link\"";
			showEnvVarsInLog = 0;
		};
/* End PBXShellScriptBuildPhase section */

/* Begin PBXSourcesBuildPhase section */
		858B83F218CA22B800AB12DE /* Sources */ = {
			isa = PBXSourcesBuildPhase;
			buildActionMask = 2147483647;
			files = (
				CD62955D1BB2678900AE3A93 /* main.m in Sources */,
			);
			runOnlyForDeploymentPostprocessing = 0;
		};
/* End PBXSourcesBuildPhase section */

/* Begin PBXVariantGroup section */
		858B833A18CA111C00AB12DE /* InfoPlist.strings */ = {
			isa = PBXVariantGroup;
			children = (
				858B833B18CA111C00AB12DE /* en */,
			);
			name = InfoPlist.strings;
			sourceTree = "<group>";
		};
		F9B8C6A21ACEDEEB00547416 /* LaunchScreen.xib */ = {
			isa = PBXVariantGroup;
			children = (
				F9B8C6A31ACEDEEB00547416 /* en */,
			);
			name = LaunchScreen.xib;
			sourceTree = "<group>";
		};
/* End PBXVariantGroup section */

/* Begin XCBuildConfiguration section */
		858B835818CA111C00AB12DE /* Debug */ = {
			isa = XCBuildConfiguration;
			buildSettings = {
				ALWAYS_SEARCH_USER_PATHS = NO;
				ARCHS = "$(ARCHS_STANDARD)";
				CLANG_CXX_LANGUAGE_STANDARD = "gnu++0x";
				CLANG_CXX_LIBRARY = "libc++";
				CLANG_ENABLE_MODULES = YES;
				CLANG_ENABLE_OBJC_ARC = YES;
				CLANG_WARN_BOOL_CONVERSION = YES;
				CLANG_WARN_CONSTANT_CONVERSION = YES;
				CLANG_WARN_DIRECT_OBJC_ISA_USAGE = YES_ERROR;
				CLANG_WARN_EMPTY_BODY = YES;
				CLANG_WARN_ENUM_CONVERSION = YES;
				CLANG_WARN_INT_CONVERSION = YES;
				CLANG_WARN_OBJC_ROOT_CLASS = YES_ERROR;
				CLANG_WARN__DUPLICATE_METHOD_MATCH = YES;
				"CODE_SIGN_IDENTITY[sdk=iphoneos*]" = "iPhone Developer";
				COPY_PHASE_STRIP = NO;
				GCC_C_LANGUAGE_STANDARD = gnu99;
				GCC_DYNAMIC_NO_PIC = NO;
				GCC_OPTIMIZATION_LEVEL = 0;
				GCC_SYMBOLS_PRIVATE_EXTERN = NO;
				GCC_WARN_64_TO_32_BIT_CONVERSION = YES;
				GCC_WARN_ABOUT_RETURN_TYPE = YES_ERROR;
				GCC_WARN_UNDECLARED_SELECTOR = YES;
				GCC_WARN_UNINITIALIZED_AUTOS = YES;
				GCC_WARN_UNUSED_FUNCTION = YES;
				GCC_WARN_UNUSED_VARIABLE = YES;
				IPHONEOS_DEPLOYMENT_TARGET = 7.0;
				ONLY_ACTIVE_ARCH = YES;
				SDKROOT = iphoneos;
				TARGETED_DEVICE_FAMILY = "1,2";
				VALID_ARCHS = "armv7 arm64";
			};
			name = Debug;
		};
		858B835918CA111C00AB12DE /* Release */ = {
			isa = XCBuildConfiguration;
			buildSettings = {
				ALWAYS_SEARCH_USER_PATHS = NO;
				ARCHS = "$(ARCHS_STANDARD)";
				CLANG_CXX_LANGUAGE_STANDARD = "gnu++0x";
				CLANG_CXX_LIBRARY = "libc++";
				CLANG_ENABLE_MODULES = YES;
				CLANG_ENABLE_OBJC_ARC = YES;
				CLANG_WARN_BOOL_CONVERSION = YES;
				CLANG_WARN_CONSTANT_CONVERSION = YES;
				CLANG_WARN_DIRECT_OBJC_ISA_USAGE = YES_ERROR;
				CLANG_WARN_EMPTY_BODY = YES;
				CLANG_WARN_ENUM_CONVERSION = YES;
				CLANG_WARN_INT_CONVERSION = YES;
				CLANG_WARN_OBJC_ROOT_CLASS = YES_ERROR;
				CLANG_WARN__DUPLICATE_METHOD_MATCH = YES;
				"CODE_SIGN_IDENTITY[sdk=iphoneos*]" = "iPhone Developer";
				COPY_PHASE_STRIP = YES;
				ENABLE_NS_ASSERTIONS = NO;
				GCC_C_LANGUAGE_STANDARD = gnu99;
				GCC_WARN_64_TO_32_BIT_CONVERSION = YES;
				GCC_WARN_ABOUT_RETURN_TYPE = YES_ERROR;
				GCC_WARN_UNDECLARED_SELECTOR = YES;
				GCC_WARN_UNINITIALIZED_AUTOS = YES;
				GCC_WARN_UNUSED_FUNCTION = YES;
				GCC_WARN_UNUSED_VARIABLE = YES;
				IPHONEOS_DEPLOYMENT_TARGET = 7.0;
				SDKROOT = iphoneos;
				TARGETED_DEVICE_FAMILY = "1,2";
				VALIDATE_PRODUCT = YES;
				VALID_ARCHS = "armv7 arm64";
			};
			name = Release;
		};
		858B843118CA22B800AB12DE /* Debug */ = {
			isa = XCBuildConfiguration;
			baseConfigurationReference = CDD59A261BB43B5D00EC2671 /* build-debug.xcconfig */;
			buildSettings = {
				ARCHS = "$(ARCHS_STANDARD)";
				CLANG_ENABLE_MODULES = NO;
				CLANG_MODULES_AUTOLINK = NO;
				ENABLE_BITCODE = NO;
				GCC_PRECOMPILE_PREFIX_HEADER = YES;
				GCC_PREFIX_HEADER = "InstaRemDemo/InstaRemDemo-Prefix.pch";
				GCC_PREPROCESSOR_DEFINITIONS = (
					"$(inherited)",
					"DEBUG=1",
				);
				INFOPLIST_FILE = "$(SRCROOT)/InstaRemDemo/InstaRemDemo-Info.plist";
				LD_RUNPATH_SEARCH_PATHS = "$(inherited) @executable_path/Frameworks";
				PRODUCT_NAME = InstaRemDemo;
				VALID_ARCHS = "armv7 arm64";
				WRAPPER_EXTENSION = app;
			};
			name = Debug;
		};
		858B843218CA22B800AB12DE /* Release */ = {
			isa = XCBuildConfiguration;
			baseConfigurationReference = CDD59A271BB43B5D00EC2671 /* build-release.xcconfig */;
			buildSettings = {
				ARCHS = "$(ARCHS_STANDARD)";
				CLANG_ENABLE_MODULES = NO;
				CLANG_MODULES_AUTOLINK = NO;
				ENABLE_BITCODE = NO;
				GCC_PRECOMPILE_PREFIX_HEADER = YES;
				GCC_PREFIX_HEADER = "InstaRemDemo/InstaRemDemo-Prefix.pch";
				INFOPLIST_FILE = "$(SRCROOT)/InstaRemDemo/InstaRemDemo-Info.plist";
				LD_RUNPATH_SEARCH_PATHS = "$(inherited) @executable_path/Frameworks";
				PRODUCT_NAME = InstaRemDemo;
				VALID_ARCHS = "armv7 arm64";
				WRAPPER_EXTENSION = app;
			};
			name = Release;
		};
/* End XCBuildConfiguration section */

/* Begin XCConfigurationList section */
		858B832918CA111C00AB12DE /* Build configuration list for PBXProject "InstaRemDemo" */ = {
			isa = XCConfigurationList;
			buildConfigurations = (
				858B835818CA111C00AB12DE /* Debug */,
				858B835918CA111C00AB12DE /* Release */,
			);
			defaultConfigurationIsVisible = 0;
			defaultConfigurationName = Release;
		};
		858B843018CA22B800AB12DE /* Build configuration list for PBXNativeTarget "InstaRemDemo" */ = {
			isa = XCConfigurationList;
			buildConfigurations = (
				858B843118CA22B800AB12DE /* Debug */,
				858B843218CA22B800AB12DE /* Release */,
			);
			defaultConfigurationIsVisible = 0;
			defaultConfigurationName = Release;
		};
/* End XCConfigurationList section */
	};
	rootObject = 858B832618CA111C00AB12DE /* Project object */;
}
